
Microsoft Visual Studio Solution File, Format Version 12.00
# Visual Studio Version 17
VisualStudioVersion = 17.10.34607.79
MinimumVisualStudioVersion = 10.0.40219.1
Project("{FAE04EC0-301F-11D3-BF4B-00C04F79EFBC}") = "PatientManagement(frontEnd)", "PatientManagement(frontEnd)\PatientManagement(frontEnd).csproj", "{358CA0EB-6095-407C-BCA0-F85850713DAB}"
EndProject
Global
	GlobalSection(SolutionConfigurationPlatforms) = preSolution
		Debug|Any CPU = Debug|Any CPU
		Release|Any CPU = Release|Any CPU
	EndGlobalSection
	GlobalSection(ProjectConfigurationPlatforms) = postSolution
		{358CA0EB-6095-407C-BCA0-F85850713DAB}.Debug|Any CPU.ActiveCfg = Debug|Any CPU
		{358CA0EB-6095-407C-BCA0-F85850713DAB}.Debug|Any CPU.Build.0 = Debug|Any CPU
		{358CA0EB-6095-407C-BCA0-F85850713DAB}.Release|Any CPU.ActiveCfg = Release|Any CPU
		{358CA0EB-6095-407C-BCA0-F85850713DAB}.Release|Any CPU.Build.0 = Release|Any CPU
	EndGlobalSection
	GlobalSection(SolutionProperties) = preSolution
		HideSolutionNode = FALSE
	EndGlobalSection
	GlobalSection(ExtensibilityGlobals) = postSolution
		SolutionGuid = {D72ACE05-C408-413A-A9F7-08BD7BE097E6}
	EndGlobalSection
EndGlobal
